
Microsoft Visual Studio Solution File, Format Version 12.00
# Visual Studio Version 17
VisualStudioVersion = 17.9.34723.18
MinimumVisualStudioVersion = 10.0.40219.1
Project("{FAE04EC0-301F-11D3-BF4B-00C04F79EFBC}") = "LR9_1", "LR9_1\LR9_1.csproj", "{F175CCC3-EAA3-448F-9B9D-B2EBDD4887E4}"
EndProject
Global
	GlobalSection(SolutionConfigurationPlatforms) = preSolution
		Debug|Any CPU = Debug|Any CPU
		Release|Any CPU = Release|Any CPU
	EndGlobalSection
	GlobalSection(ProjectConfigurationPlatforms) = postSolution
		{F175CCC3-EAA3-448F-9B9D-B2EBDD4887E4}.Debug|Any CPU.ActiveCfg = Debug|Any CPU
		{F175CCC3-EAA3-448F-9B9D-B2EBDD4887E4}.Debug|Any CPU.Build.0 = Debug|Any CPU
		{F175CCC3-EAA3-448F-9B9D-B2EBDD4887E4}.Release|Any CPU.ActiveCfg = Release|Any CPU
		{F175CCC3-EAA3-448F-9B9D-B2EBDD4887E4}.Release|Any CPU.Build.0 = Release|Any CPU
	EndGlobalSection
	GlobalSection(SolutionProperties) = preSolution
		HideSolutionNode = FALSE
	EndGlobalSection
	GlobalSection(ExtensibilityGlobals) = postSolution
		SolutionGuid = {6BB304CD-4F13-4DC4-99CA-F8189EEFED92}
	EndGlobalSection
EndGlobal
