
Microsoft Visual Studio Solution File, Format Version 12.00
# Visual Studio Version 17
VisualStudioVersion = 17.9.34723.18
MinimumVisualStudioVersion = 10.0.40219.1
Project("{FAE04EC0-301F-11D3-BF4B-00C04F79EFBC}") = "LR9_2", "LR9_2\LR9_2.csproj", "{78051103-66A1-48F2-AC89-8A4770AE0AAF}"
EndProject
Global
	GlobalSection(SolutionConfigurationPlatforms) = preSolution
		Debug|Any CPU = Debug|Any CPU
		Release|Any CPU = Release|Any CPU
	EndGlobalSection
	GlobalSection(ProjectConfigurationPlatforms) = postSolution
		{78051103-66A1-48F2-AC89-8A4770AE0AAF}.Debug|Any CPU.ActiveCfg = Debug|Any CPU
		{78051103-66A1-48F2-AC89-8A4770AE0AAF}.Debug|Any CPU.Build.0 = Debug|Any CPU
		{78051103-66A1-48F2-AC89-8A4770AE0AAF}.Release|Any CPU.ActiveCfg = Release|Any CPU
		{78051103-66A1-48F2-AC89-8A4770AE0AAF}.Release|Any CPU.Build.0 = Release|Any CPU
	EndGlobalSection
	GlobalSection(SolutionProperties) = preSolution
		HideSolutionNode = FALSE
	EndGlobalSection
	GlobalSection(ExtensibilityGlobals) = postSolution
		SolutionGuid = {FB85963F-E8EF-4A5E-8B36-BE89F93F7EA2}
	EndGlobalSection
EndGlobal
